# Generated by pub
# See https://dart.dev/tools/pub/glossary#lockfile
packages:
  _fe_analyzer_shared:
    dependency: transitive
    description:
      name: _fe_analyzer_shared
      sha256: "4897882604d919befd350648c7f91926a9d5de99e67b455bf0917cc2362f4bb8"
      url: "https://pub.dev"
    source: hosted
    version: "47.0.0"
  analyzer:
    dependency: transitive
    description:
      name: analyzer
      sha256: "690e335554a8385bc9d787117d9eb52c0c03ee207a607e593de3c9d71b1cfe80"
      url: "https://pub.dev"
    source: hosted
    version: "4.7.0"
  archive:
    dependency: transitive
    description:
      name: archive
      sha256: "76d919e063a09d19d61f99463a20dba1c1e8d0bc3a5eba91bac2853fac095373"
      url: "https://pub.dev"
    source: hosted
    version: "3.3.4"
  args:
    dependency: transitive
    description:
      name: args
      sha256: b003c3098049a51720352d219b0bb5f219b60fbfb68e7a4748139a06a5676515
      url: "https://pub.dev"
    source: hosted
    version: "2.3.1"
  async:
    dependency: transitive
    description:
      name: async
      sha256: bfe67ef28df125b7dddcea62755991f807aa39a2492a23e1550161692950bbe0
      url: "https://pub.dev"
    source: hosted
    version: "2.10.0"
  barcode:
    dependency: transitive
    description:
      name: barcode
      sha256: "52570564684bbb0240a9f1fdb6bad12adc5e0540103c1c96d6dd550bd928b1c9"
      url: "https://pub.dev"
    source: hosted
    version: "2.2.3"
  bfast:
    dependency: "direct main"
    description:
      name: bfast
      sha256: c332ad92f4c14b9a4628c5d1846167f6bc660bd14b96334d5cec25e577974175
      url: "https://pub.dev"
    source: hosted
    version: "5.0.0-beta.1"
  bloc:
    dependency: transitive
    description:
      name: bloc
      sha256: "6f1b87b6eca9041d5672b6e29273cd1594db48ebb66fd2471066e9f3c3a516bd"
      url: "https://pub.dev"
    source: hosted
    version: "7.2.1"
  boolean_selector:
    dependency: transitive
    description:
      name: boolean_selector
      sha256: "6cfb5af12253eaf2b368f07bacc5a80d1301a071c73360d746b7f2e32d762c66"
      url: "https://pub.dev"
    source: hosted
    version: "2.1.1"
  builders:
    dependency: "direct main"
    description:
      name: builders
      sha256: e55952c5a6c063c2d1fd3b804ef5a0e7249e6aba4b07d0928880318dc6df3e0e
      url: "https://pub.dev"
    source: hosted
    version: "2.0.0"
  camera:
    dependency: "direct main"
    description:
      name: camera
      sha256: "7afc256902062cab191540c09908b98bc71e93d5e20b6486dbee51aa7731e9b2"
      url: "https://pub.dev"
    source: hosted
    version: "0.10.4"
  camera_android:
    dependency: transitive
    description:
      name: camera_android
      sha256: "772c111c78f31f868b98dbf6dbeda8d6ff77acea773a92ea5705ee2f7949ebfb"
      url: "https://pub.dev"
    source: hosted
    version: "0.10.5"
  camera_avfoundation:
    dependency: transitive
    description:
      name: camera_avfoundation
      sha256: "7ac8b950672716722af235eed7a7c37896853669800b7da706bb0a9fd41d3737"
      url: "https://pub.dev"
    source: hosted
    version: "0.9.13+1"
  camera_platform_interface:
    dependency: transitive
    description:
      name: camera_platform_interface
      sha256: "525017018d116c5db8c4c43ec2d9b1663216b369c9f75149158280168a7ce472"
      url: "https://pub.dev"
    source: hosted
    version: "2.5.0"
  camera_web:
    dependency: transitive
    description:
      name: camera_web
      sha256: d77965f32479ee6d8f48205dcf10f845d7210595c6c00faa51eab265d1cae993
      url: "https://pub.dev"
    source: hosted
    version: "0.3.1+3"
  characters:
    dependency: transitive
    description:
      name: characters
      sha256: e6a326c8af69605aec75ed6c187d06b349707a27fbff8222ca9cc2cff167975c
      url: "https://pub.dev"
    source: hosted
    version: "1.2.1"
  charcode:
    dependency: transitive
    description:
      name: charcode
      sha256: fb98c0f6d12c920a02ee2d998da788bca066ca5f148492b7085ee23372b12306
      url: "https://pub.dev"
    source: hosted
    version: "1.3.1"
  charts_common:
    dependency: transitive
    description:
      name: charts_common
      sha256: "7b8922f9b0d9b134122756a787dab1c3946ae4f3fc5022ff323ba0014998ea02"
      url: "https://pub.dev"
    source: hosted
    version: "0.12.0"
  charts_flutter:
    dependency: "direct main"
    description:
      name: charts_flutter
      sha256: "4172c3f4b85322fdffe1896ffbed79ae4689ae72cb6fe6690dcaaea620a9c558"
      url: "https://pub.dev"
    source: hosted
    version: "0.12.0"
  clock:
    dependency: transitive
    description:
      name: clock
      sha256: cb6d7f03e1de671e34607e909a7213e31d7752be4fb66a86d29fe1eb14bfb5cf
      url: "https://pub.dev"
    source: hosted
    version: "1.1.1"
  collection:
    dependency: transitive
    description:
      name: collection
      sha256: cfc915e6923fe5ce6e153b0723c753045de46de1b4d63771530504004a45fae0
      url: "https://pub.dev"
    source: hosted
    version: "1.17.0"
  convert:
    dependency: transitive
    description:
      name: convert
      sha256: "0f08b14755d163f6e2134cb58222dd25ea2a2ee8a195e53983d57c075324d592"
      url: "https://pub.dev"
    source: hosted
    version: "3.1.1"
  coverage:
    dependency: transitive
    description:
      name: coverage
      sha256: d2494157c32b303f47dedee955b1479f2979c4ff66934eb7c0def44fd9e0267a
      url: "https://pub.dev"
    source: hosted
    version: "1.6.1"
  cross_file:
    dependency: transitive
    description:
      name: cross_file
      sha256: "0b0036e8cccbfbe0555fd83c1d31a6f30b77a96b598b35a5d36dd41f718695e9"
      url: "https://pub.dev"
    source: hosted
    version: "0.3.3+4"
  crypto:
    dependency: "direct main"
    description:
      name: crypto
      sha256: aa274aa7774f8964e4f4f38cc994db7b6158dd36e9187aaceaddc994b35c6c67
      url: "https://pub.dev"
    source: hosted
    version: "3.0.2"
  dev_test:
    dependency: transitive
    description:
      name: dev_test
      sha256: "551414d885dcf3cc26a73f5c3e580c101ce8f0196a22d50ed4f1263fc76bcb40"
      url: "https://pub.dev"
    source: hosted
    version: "0.15.5+1"
  fake_async:
    dependency: transitive
    description:
      name: fake_async
      sha256: "511392330127add0b769b75a987850d136345d9227c6b94c96a04cf4a391bf78"
      url: "https://pub.dev"
    source: hosted
    version: "1.3.1"
  ffi:
    dependency: transitive
    description:
      name: ffi
      sha256: a38574032c5f1dd06c4aee541789906c12ccaab8ba01446e800d9c5b79c4a978
      url: "https://pub.dev"
    source: hosted
    version: "2.0.1"
  file:
    dependency: transitive
    description:
      name: file
      sha256: "1b92bec4fc2a72f59a8e15af5f52cd441e4a7860b49499d69dfa817af20e925d"
      url: "https://pub.dev"
    source: hosted
    version: "6.1.4"
  flutter:
    dependency: "direct main"
    description: flutter
    source: sdk
    version: "0.0.0"
  flutter_lints:
    dependency: transitive
    description:
      name: flutter_lints
      sha256: aeb0b80a8b3709709c9cc496cdc027c5b3216796bc0af0ce1007eaf24464fd4c
      url: "https://pub.dev"
    source: hosted
    version: "2.0.1"
  flutter_modular:
    dependency: "direct main"
    description:
      name: flutter_modular
      sha256: "061f0bcc8f8c438d4c82f4ff70a9e61f109961c92b4e1eaf1bbfab75f577fe0e"
      url: "https://pub.dev"
    source: hosted
    version: "5.0.3"
  flutter_modular_annotations:
    dependency: transitive
    description:
      name: flutter_modular_annotations
      sha256: "65971655bdd30816a6a66651c801f4ceba6c8ba265f0866cc51ad038332c9a71"
      url: "https://pub.dev"
    source: hosted
    version: "0.0.2"
  flutter_plugin_android_lifecycle:
    dependency: transitive
    description:
      name: flutter_plugin_android_lifecycle
      sha256: c224ac897bed083dabf11f238dd11a239809b446740be0c2044608c50029ffdf
      url: "https://pub.dev"
    source: hosted
    version: "2.0.9"
  flutter_svg:
    dependency: "direct main"
    description:
      name: flutter_svg
      sha256: "6ff9fa12892ae074092de2fa6a9938fb21dbabfdaa2ff57dc697ff912fc8d4b2"
      url: "https://pub.dev"
    source: hosted
    version: "1.1.6"
  flutter_test:
    dependency: "direct dev"
    description: flutter
    source: sdk
    version: "0.0.0"
  flutter_web_plugins:
    dependency: transitive
    description: flutter
    source: sdk
    version: "0.0.0"
  frontend_server_client:
    dependency: transitive
    description:
      name: frontend_server_client
      sha256: "4f4a162323c86ffc1245765cfe138872b8f069deb42f7dbb36115fa27f31469b"
      url: "https://pub.dev"
    source: hosted
    version: "2.1.3"
  glob:
    dependency: transitive
    description:
      name: glob
      sha256: "4515b5b6ddb505ebdd242a5f2cc5d22d3d6a80013789debfbda7777f47ea308c"
      url: "https://pub.dev"
    source: hosted
    version: "2.1.1"
  google_mlkit_barcode_scanning:
    dependency: "direct main"
    description:
      name: google_mlkit_barcode_scanning
      sha256: bbd48976d8c6bbb1aad325f8f098fc4e6da59c8139bc4aa6f57a0cf1bfd7db47
      url: "https://pub.dev"
    source: hosted
    version: "0.5.0"
  google_mlkit_commons:
    dependency: transitive
    description:
      name: google_mlkit_commons
      sha256: af63771903947d5523d9e991a939a4b8bf994f11661c9b9c8a71d7d3997115f8
      url: "https://pub.dev"
    source: hosted
    version: "0.2.0"
  http:
    dependency: "direct main"
    description:
      name: http
      sha256: "6aa2946395183537c8b880962d935877325d6a09a2867c3970c05c0fed6ac482"
      url: "https://pub.dev"
    source: hosted
    version: "0.13.5"
  http_multi_server:
    dependency: transitive
    description:
      name: http_multi_server
      sha256: "97486f20f9c2f7be8f514851703d0119c3596d14ea63227af6f7a481ef2b2f8b"
      url: "https://pub.dev"
    source: hosted
    version: "3.2.1"
  http_parser:
    dependency: transitive
    description:
      name: http_parser
      sha256: "2aa08ce0341cc9b354a498388e30986515406668dbcc4f7c950c3e715496693b"
      url: "https://pub.dev"
    source: hosted
    version: "4.0.2"
  idb_shim:
    dependency: transitive
    description:
      name: idb_shim
      sha256: "6d3e3e55cc3aeacfa0dfecf41ac68a3c97f9abd52fc4ed10c9755977bd4a0f8b"
      url: "https://pub.dev"
    source: hosted
    version: "2.0.1+1"
  image:
    dependency: transitive
    description:
      name: image
      sha256: f6ffe2895e3c86c6ad5a27e6302cf807403463e397cb2f0c580f619ac2fa588b
      url: "https://pub.dev"
    source: hosted
    version: "3.2.2"
  image_picker:
    dependency: "direct main"
    description:
      name: image_picker
      sha256: f202f5d730eb8219e35e80c4461fb3a779940ad30ce8fde1586df756e3af25e6
      url: "https://pub.dev"
    source: hosted
    version: "0.8.7+3"
  image_picker_android:
    dependency: transitive
    description:
      name: image_picker_android
      sha256: "1ea6870350f56af8dab716459bd9d5dc76947e29e07a2ba1d0c172eaaf4f269c"
      url: "https://pub.dev"
    source: hosted
    version: "0.8.6+7"
  image_picker_for_web:
    dependency: transitive
    description:
      name: image_picker_for_web
      sha256: "98f50d6b9f294c8ba35e25cc0d13b04bfddd25dbc8d32fa9d566a6572f2c081c"
      url: "https://pub.dev"
    source: hosted
    version: "2.1.12"
  image_picker_ios:
    dependency: transitive
    description:
      name: image_picker_ios
      sha256: a1546ff5861fc15812953d4733b520c3d371cec3d2859a001ff04c46c4d81883
      url: "https://pub.dev"
    source: hosted
    version: "0.8.7+3"
  image_picker_platform_interface:
    dependency: transitive
    description:
      name: image_picker_platform_interface
      sha256: "1991219d9dbc42a99aff77e663af8ca51ced592cd6685c9485e3458302d3d4f8"
      url: "https://pub.dev"
    source: hosted
    version: "2.6.3"
  intl:
    dependency: "direct main"
    description:
      name: intl
      sha256: "910f85bce16fb5c6f614e117efa303e85a1731bb0081edf3604a2ae6e9a3cc91"
      url: "https://pub.dev"
    source: hosted
    version: "0.17.0"
  io:
    dependency: transitive
    description:
      name: io
      sha256: "0d4c73c3653ab85bf696d51a9657604c900a370549196a91f33e4c39af760852"
      url: "https://pub.dev"
    source: hosted
    version: "1.0.3"
  jiffy:
    dependency: transitive
    description:
      name: jiffy
      sha256: "85172c4fc975a50224521c05bf43abc845288863b19d91bd3c221a96a8785dd3"
      url: "https://pub.dev"
    source: hosted
    version: "5.0.0"
  js:
    dependency: "direct main"
    description:
      name: js
      sha256: "5528c2f391ededb7775ec1daa69e65a2d61276f7552de2b5f7b8d34ee9fd4ab7"
      url: "https://pub.dev"
    source: hosted
    version: "0.6.5"
  lints:
    dependency: transitive
    description:
      name: lints
      sha256: "5e4a9cd06d447758280a8ac2405101e0e2094d2a1dbdd3756aec3fe7775ba593"
      url: "https://pub.dev"
    source: hosted
    version: "2.0.1"
  logging:
    dependency: transitive
    description:
      name: logging
      sha256: c0bbfe94d46aedf9b8b3e695cf3bd48c8e14b35e3b2c639e0aa7755d589ba946
      url: "https://pub.dev"
    source: hosted
    version: "1.1.0"
  matcher:
    dependency: transitive
    description:
      name: matcher
      sha256: "16db949ceee371e9b99d22f88fa3a73c4e59fd0afed0bd25fc336eb76c198b72"
      url: "https://pub.dev"
    source: hosted
    version: "0.12.13"
  material_color_utilities:
    dependency: transitive
    description:
      name: material_color_utilities
      sha256: d92141dc6fe1dad30722f9aa826c7fbc896d021d792f80678280601aff8cf724
      url: "https://pub.dev"
    source: hosted
    version: "0.2.0"
  meta:
    dependency: transitive
    description:
      name: meta
      sha256: "6c268b42ed578a53088d834796959e4a1814b5e9e164f147f580a386e5decf42"
      url: "https://pub.dev"
    source: hosted
    version: "1.8.0"
  mime:
    dependency: transitive
    description:
      name: mime
      sha256: dab22e92b41aa1255ea90ddc4bc2feaf35544fd0728e209638cad041a6e3928a
      url: "https://pub.dev"
    source: hosted
    version: "1.0.2"
  modular_core:
    dependency: transitive
    description:
      name: modular_core
      sha256: "84cfe65d2ab15b0265a5bdb07a7a0408b06f8d92fee6fb94a3c85e97cbc2d6af"
      url: "https://pub.dev"
    source: hosted
    version: "2.0.3+1"
  modular_interfaces:
    dependency: transitive
    description:
      name: modular_interfaces
      sha256: "89db18038048d63de80871189ddc52363814e8181615459e5d88ed0a921acc1f"
      url: "https://pub.dev"
    source: hosted
    version: "2.0.2"
  nested:
    dependency: transitive
    description:
      name: nested
      sha256: "03bac4c528c64c95c722ec99280375a6f2fc708eec17c7b3f07253b626cd2a20"
      url: "https://pub.dev"
    source: hosted
    version: "1.0.0"
  node_preamble:
    dependency: transitive
    description:
      name: node_preamble
      sha256: "8ebdbaa3b96d5285d068f80772390d27c21e1fa10fb2df6627b1b9415043608d"
      url: "https://pub.dev"
    source: hosted
    version: "2.0.1"
  package_config:
    dependency: transitive
    description:
      name: package_config
      sha256: "1c5b77ccc91e4823a5af61ee74e6b972db1ef98c2ff5a18d3161c982a55448bd"
      url: "https://pub.dev"
    source: hosted
    version: "2.1.0"
  path:
    dependency: transitive
    description:
      name: path
      sha256: db9d4f58c908a4ba5953fcee2ae317c94889433e5024c27ce74a37f94267945b
      url: "https://pub.dev"
    source: hosted
    version: "1.8.2"
  path_drawing:
    dependency: transitive
    description:
      name: path_drawing
      sha256: bbb1934c0cbb03091af082a6389ca2080345291ef07a5fa6d6e078ba8682f977
      url: "https://pub.dev"
    source: hosted
    version: "1.0.1"
  path_parsing:
    dependency: transitive
    description:
      name: path_parsing
      sha256: e3e67b1629e6f7e8100b367d3db6ba6af4b1f0bb80f64db18ef1fbabd2fa9ccf
      url: "https://pub.dev"
    source: hosted
    version: "1.0.1"
  path_provider:
    dependency: transitive
    description:
      name: path_provider
      sha256: "050e8e85e4b7fecdf2bb3682c1c64c4887a183720c802d323de8a5fd76d372dd"
      url: "https://pub.dev"
    source: hosted
    version: "2.0.11"
  path_provider_android:
    dependency: transitive
    description:
      name: path_provider_android
      sha256: "1dab723dd8feeb80afb39c7be894f09df1457243d930010f6f328fb8c660c5e1"
      url: "https://pub.dev"
    source: hosted
    version: "2.0.21"
  path_provider_ios:
    dependency: transitive
    description:
      name: path_provider_ios
      sha256: "03d639406f5343478352433f00d3c4394d52dac8df3d847869c5e2333e0bbce8"
      url: "https://pub.dev"
    source: hosted
    version: "2.0.11"
  path_provider_linux:
    dependency: transitive
    description:
      name: path_provider_linux
      sha256: ab0987bf95bc591da42dffb38c77398fc43309f0b9b894dcc5d6f40c4b26c379
      url: "https://pub.dev"
    source: hosted
    version: "2.1.7"
  path_provider_macos:
    dependency: transitive
    description:
      name: path_provider_macos
      sha256: "2a97e7fbb7ae9dcd0dfc1220a78e9ec3e71da691912e617e8715ff2a13086ae8"
      url: "https://pub.dev"
    source: hosted
    version: "2.0.6"
  path_provider_platform_interface:
    dependency: transitive
    description:
      name: path_provider_platform_interface
      sha256: f0abc8ebd7253741f05488b4813d936b4d07c6bae3e86148a09e342ee4b08e76
      url: "https://pub.dev"
    source: hosted
    version: "2.0.5"
  path_provider_windows:
    dependency: transitive
    description:
      name: path_provider_windows
      sha256: bcabbe399d4042b8ee687e17548d5d3f527255253b4a639f5f8d2094a9c2b45c
      url: "https://pub.dev"
    source: hosted
    version: "2.1.3"
  pdf:
    dependency: "direct main"
    description:
      name: pdf
      sha256: "10659b915e65832b106f6d1d213e09b789cc1f24bf282ee911e49db35b96be4d"
      url: "https://pub.dev"
    source: hosted
    version: "3.8.4"
  petitparser:
    dependency: transitive
    description:
      name: petitparser
      sha256: "49392a45ced973e8d94a85fdb21293fbb40ba805fc49f2965101ae748a3683b4"
      url: "https://pub.dev"
    source: hosted
    version: "5.1.0"
  platform:
    dependency: transitive
    description:
      name: platform
      sha256: "4a451831508d7d6ca779f7ac6e212b4023dd5a7d08a27a63da33756410e32b76"
      url: "https://pub.dev"
    source: hosted
    version: "3.1.0"
  plugin_platform_interface:
    dependency: transitive
    description:
      name: plugin_platform_interface
      sha256: dbf0f707c78beedc9200146ad3cb0ab4d5da13c246336987be6940f026500d3a
      url: "https://pub.dev"
    source: hosted
    version: "2.1.3"
  pointycastle:
    dependency: transitive
    description:
      name: pointycastle
      sha256: db7306cf0249f838d1a24af52b5a5887c5bf7f31d8bb4e827d071dc0939ad346
      url: "https://pub.dev"
    source: hosted
    version: "3.6.2"
  pool:
    dependency: transitive
    description:
      name: pool
      sha256: "20fe868b6314b322ea036ba325e6fc0711a22948856475e2c2b6306e8ab39c2a"
      url: "https://pub.dev"
    source: hosted
    version: "1.5.1"
  printing:
    dependency: "direct main"
    description:
      name: printing
      sha256: "4df9e22bd4cb2ecea67183e5b328711b10276127b8878d9d5cb60ccd4c24a77c"
      url: "https://pub.dev"
    source: hosted
    version: "5.9.3"
  process:
    dependency: transitive
    description:
      name: process
      sha256: "53fd8db9cec1d37b0574e12f07520d582019cb6c44abf5479a01505099a34a09"
      url: "https://pub.dev"
    source: hosted
    version: "4.2.4"
  process_run:
    dependency: transitive
    description:
      name: process_run
      sha256: e584b39657d082d5bd56b04103d5f5c553f9f10a0e9592ab8258f25fdd31125e
      url: "https://pub.dev"
    source: hosted
    version: "0.12.3+2"
  pub_semver:
    dependency: transitive
    description:
      name: pub_semver
      sha256: "307de764d305289ff24ad257ad5c5793ce56d04947599ad68b3baa124105fc17"
      url: "https://pub.dev"
    source: hosted
    version: "2.1.3"
  qr:
    dependency: transitive
    description:
      name: qr
      sha256: "64957a3930367bf97cc211a5af99551d630f2f4625e38af10edd6b19131b64b3"
      url: "https://pub.dev"
    source: hosted
    version: "3.0.1"
  quiver:
    dependency: transitive
    description:
      name: quiver
      sha256: b1c1ac5ce6688d77f65f3375a9abb9319b3cb32486bdc7a1e0fdf004d7ba4e47
      url: "https://pub.dev"
    source: hosted
    version: "3.2.1"
  sembast:
    dependency: transitive
    description:
      name: sembast
      sha256: b39e76ea79a919b91f62199bcee49ddd4315872a502dc7522e68be91ead6f777
      url: "https://pub.dev"
    source: hosted
    version: "3.3.1"
  sembast_sqflite:
    dependency: transitive
    description:
      name: sembast_sqflite
      sha256: b039a9dc98fafd69cab8ca3a39d164f82c9c7884e205de3388cb0947df12334a
      url: "https://pub.dev"
    source: hosted
    version: "2.0.1"
  sembast_web:
    dependency: transitive
    description:
      name: sembast_web
      sha256: "6bb4d002bfe346c9d25824cabd386fa72f194432910f859bc0eeda3cadf8aa0f"
      url: "https://pub.dev"
    source: hosted
    version: "2.0.1+1"
  shelf:
    dependency: transitive
    description:
      name: shelf
      sha256: c24a96135a2ccd62c64b69315a14adc5c3419df63b4d7c05832a346fdb73682c
      url: "https://pub.dev"
    source: hosted
    version: "1.4.0"
  shelf_packages_handler:
    dependency: transitive
    description:
      name: shelf_packages_handler
      sha256: aef74dc9195746a384843102142ab65b6a4735bb3beea791e63527b88cc83306
      url: "https://pub.dev"
    source: hosted
    version: "3.0.1"
  shelf_static:
    dependency: transitive
    description:
      name: shelf_static
      sha256: e792b76b96a36d4a41b819da593aff4bdd413576b3ba6150df5d8d9996d2e74c
      url: "https://pub.dev"
    source: hosted
    version: "1.1.1"
  shelf_web_socket:
    dependency: transitive
    description:
      name: shelf_web_socket
      sha256: a988c0e8d8ffbdb8a28aa7ec8e449c260f3deb808781fe1284d22c5bba7156e8
      url: "https://pub.dev"
    source: hosted
    version: "1.0.3"
  sky_engine:
    dependency: transitive
    description: flutter
    source: sdk
    version: "0.0.99"
  socket_io_client:
    dependency: transitive
    description:
      name: socket_io_client
      sha256: "2460386d87c23ee7843765453614ca1c1bcccd4f51aa479cf7ee55019b8c3a18"
      url: "https://pub.dev"
    source: hosted
    version: "2.0.0"
  socket_io_common:
    dependency: transitive
    description:
      name: socket_io_common
      sha256: "5a218a784df4d1927ae713e17af619caa736cb2ebac287c59e4e24228b22da29"
      url: "https://pub.dev"
    source: hosted
    version: "2.0.2"
  source_map_stack_trace:
    dependency: transitive
    description:
      name: source_map_stack_trace
      sha256: "84cf769ad83aa6bb61e0aa5a18e53aea683395f196a6f39c4c881fb90ed4f7ae"
      url: "https://pub.dev"
    source: hosted
    version: "2.1.1"
  source_maps:
    dependency: transitive
    description:
      name: source_maps
      sha256: "490098075234dcedb83c5d949b4c93dad5e6b7702748de000be2b57b8e6b2427"
      url: "https://pub.dev"
    source: hosted
    version: "0.10.11"
  source_span:
    dependency: transitive
    description:
      name: source_span
      sha256: dd904f795d4b4f3b870833847c461801f6750a9fa8e61ea5ac53f9422b31f250
      url: "https://pub.dev"
    source: hosted
    version: "1.9.1"
  sqflite:
    dependency: transitive
    description:
      name: sqflite
      sha256: d21c022832f139b89922738e200c07387a49c549bf36c35654418e19ff76d161
      url: "https://pub.dev"
    source: hosted
    version: "2.2.0+3"
  sqflite_common:
    dependency: transitive
    description:
      name: sqflite_common
      sha256: "0c21a187d645aa65da5be6997c0c713eed61e049158870ae2de157e6897067ab"
      url: "https://pub.dev"
    source: hosted
    version: "2.4.0+2"
  sqflite_common_ffi:
    dependency: transitive
    description:
      name: sqflite_common_ffi
      sha256: "9c922744759dc8364ae724af2620acf25aba2e7756aae7844b98649e6fd29f11"
      url: "https://pub.dev"
    source: hosted
    version: "2.2.0+1"
  sqflite_common_ffi_web:
    dependency: transitive
    description:
      name: sqflite_common_ffi_web
      sha256: f3e48a951ece4ba08ac9fcae3e7546835fa95e59e4a5de7b6dfaf4002a988da4
      url: "https://pub.dev"
    source: hosted
    version: "0.3.1"
  sqlite3:
    dependency: transitive
    description:
      name: sqlite3
      sha256: db6350456720a4088a364bbe02052d43056a5ffbd4816fe9d28310dcfbe0dc05
      url: "https://pub.dev"
    source: hosted
    version: "1.9.1"
  stack_trace:
    dependency: transitive
    description:
      name: stack_trace
      sha256: c3c7d8edb15bee7f0f74debd4b9c5f3c2ea86766fe4178eb2a18eb30a0bdaed5
      url: "https://pub.dev"
    source: hosted
    version: "1.11.0"
  stream_channel:
    dependency: transitive
    description:
      name: stream_channel
      sha256: "83615bee9045c1d322bbbd1ba209b7a749c2cbcdcb3fdd1df8eb488b3279c1c8"
      url: "https://pub.dev"
    source: hosted
    version: "2.1.1"
  stream_transform:
    dependency: transitive
    description:
      name: stream_transform
      sha256: "14a00e794c7c11aa145a170587321aedce29769c08d7f58b1d141da75e3b1c6f"
      url: "https://pub.dev"
    source: hosted
    version: "2.1.0"
  string_scanner:
    dependency: transitive
    description:
      name: string_scanner
      sha256: "556692adab6cfa87322a115640c11f13cb77b3f076ddcc5d6ae3c20242bedcde"
      url: "https://pub.dev"
    source: hosted
    version: "1.2.0"
  syncfusion_flutter_core:
    dependency: transitive
    description:
      name: syncfusion_flutter_core
      sha256: "0c051d9f525212d8f5631c51271c2831c007a077eac84815ae8d115eb7904b4d"
      url: "https://pub.dev"
    source: hosted
    version: "20.3.57"
  syncfusion_flutter_xlsio:
    dependency: "direct main"
    description:
      name: syncfusion_flutter_xlsio
      sha256: "3542a855d76dc9b4949b3578f3b859159da1e367c36a7169ef59c4b3939b558d"
      url: "https://pub.dev"
    source: hosted
    version: "20.3.57-beta"
  syncfusion_officecore:
    dependency: transitive
    description:
      name: syncfusion_officecore
      sha256: "5a7896f91e5ac197e942045e86f621bda7e50922484fb7aef510a79f116eee29"
      url: "https://pub.dev"
    source: hosted
    version: "20.3.57-beta"
  synchronized:
    dependency: transitive
    description:
      name: synchronized
      sha256: "7b530acd9cb7c71b0019a1e7fa22c4105e675557a4400b6a401c71c5e0ade1ac"
      url: "https://pub.dev"
    source: hosted
    version: "3.0.0+3"
  tekartik_app_flutter_sembast:
    dependency: "direct main"
    description:
      path: app_sembast
      ref: dart2_3
      resolved-ref: "02dc21e40a5f3e65c55d5bd68b173df82a44b216"
      url: "https://github.com/tekartik/app_flutter_utils.dart"
    source: git
    version: "0.5.1"
  tekartik_app_flutter_sqflite:
    dependency: transitive
    description:
      path: app_sqflite
      ref: dart2_3
      resolved-ref: "02dc21e40a5f3e65c55d5bd68b173df82a44b216"
      url: "https://github.com/tekartik/app_flutter_utils.dart"
    source: git
    version: "0.6.0"
  tekartik_lints_flutter:
    dependency: transitive
    description:
      path: "packages/lints_flutter"
      ref: dart2_3
      resolved-ref: f5a7346cac00a778e981727fb0858110af87cbe0
      url: "https://github.com/tekartik/common_flutter.dart"
    source: git
    version: "0.1.2"
  term_glyph:
    dependency: transitive
    description:
      name: term_glyph
      sha256: a29248a84fbb7c79282b40b8c72a1209db169a2e0542bce341da992fe1bc7e84
      url: "https://pub.dev"
    source: hosted
    version: "1.2.1"
  test:
    dependency: transitive
    description:
      name: test
      sha256: a5fcd2d25eeadbb6589e80198a47d6a464ba3e2049da473943b8af9797900c2d
      url: "https://pub.dev"
    source: hosted
    version: "1.22.0"
  test_api:
    dependency: transitive
    description:
      name: test_api
      sha256: ad540f65f92caa91bf21dfc8ffb8c589d6e4dc0c2267818b4cc2792857706206
      url: "https://pub.dev"
    source: hosted
    version: "0.4.16"
  test_core:
    dependency: transitive
    description:
      name: test_core
      sha256: "0ef9755ec6d746951ba0aabe62f874b707690b5ede0fecc818b138fcc9b14888"
      url: "https://pub.dev"
    source: hosted
    version: "0.4.20"
  timeago:
    dependency: "direct main"
    description:
      name: timeago
      sha256: "46c128312ab0ea144b146c0ac6426ddd96810efec2de3fccc425d00179cd8254"
      url: "https://pub.dev"
    source: hosted
    version: "3.3.0"
  typed_data:
    dependency: transitive
    description:
      name: typed_data
      sha256: "26f87ade979c47a150c9eaab93ccd2bebe70a27dc0b4b29517f2904f04eb11a5"
      url: "https://pub.dev"
    source: hosted
    version: "1.3.1"
  uuid:
    dependency: "direct main"
    description:
      name: uuid
      sha256: "648e103079f7c64a36dc7d39369cabb358d377078a051d6ae2ad3aa539519313"
      url: "https://pub.dev"
    source: hosted
    version: "3.0.7"
  vector_math:
    dependency: transitive
    description:
      name: vector_math
      sha256: "80b3257d1492ce4d091729e3a67a60407d227c27241d6927be0130c98e741803"
      url: "https://pub.dev"
    source: hosted
    version: "2.1.4"
  vm_service:
    dependency: transitive
    description:
      name: vm_service
      sha256: e7fb6c2282f7631712b69c19d1bff82f3767eea33a2321c14fa59ad67ea391c7
      url: "https://pub.dev"
    source: hosted
    version: "9.4.0"
  watcher:
    dependency: transitive
    description:
      name: watcher
      sha256: "6a7f46926b01ce81bfc339da6a7f20afbe7733eff9846f6d6a5466aa4c6667c0"
      url: "https://pub.dev"
    source: hosted
    version: "1.0.2"
  web_socket_channel:
    dependency: transitive
    description:
      name: web_socket_channel
      sha256: "3a969ddcc204a3e34e863d204b29c0752716f78b6f9cc8235083208d268a4ccd"
      url: "https://pub.dev"
    source: hosted
    version: "2.2.0"
  webkit_inspection_protocol:
    dependency: transitive
    description:
      name: webkit_inspection_protocol
      sha256: "67d3a8b6c79e1987d19d848b0892e582dbb0c66c57cc1fef58a177dd2aa2823d"
      url: "https://pub.dev"
    source: hosted
    version: "1.2.0"
  win32:
    dependency: transitive
    description:
      name: win32
      sha256: d13ac5deea7327f027b3b97ee19ee210f68256ecf3f1a304bcfb992ee947637c
      url: "https://pub.dev"
    source: hosted
    version: "3.1.1"
  workmanager:
    dependency: "direct main"
    description:
      name: workmanager
      sha256: e0be7e35d644643f164ee45d2ce14414f0e0fdde19456aa66065f35a0b1d2ea1
      url: "https://pub.dev"
    source: hosted
    version: "0.5.1"
  xdg_directories:
    dependency: transitive
    description:
      name: xdg_directories
      sha256: "11541eedefbcaec9de35aa82650b695297ce668662bbd6e3911a7fabdbde589f"
      url: "https://pub.dev"
    source: hosted
    version: "0.2.0+2"
  xml:
    dependency: transitive
    description:
      name: xml
      sha256: ac0e3f4bf00ba2708c33fbabbbe766300e509f8c82dbd4ab6525039813f7e2fb
      url: "https://pub.dev"
    source: hosted
    version: "6.1.0"
  yaml:
    dependency: transitive
    description:
      name: yaml
      sha256: "23812a9b125b48d4007117254bca50abb6c712352927eece9e155207b1db2370"
      url: "https://pub.dev"
    source: hosted
    version: "3.1.1"
sdks:
  dart: ">=2.18.1 <3.0.0"
  flutter: ">=3.3.0"
